
Microsoft Visual Studio Solution File, Format Version 12.00
# Visual Studio Version 17
VisualStudioVersion = 17.13.35806.99 d17.13
MinimumVisualStudioVersion = 10.0.40219.1
Project("{FAE04EC0-301F-11D3-BF4B-00C04F79EFBC}") = "GestaoFinanceiraAPI", "GestaoFinanceiraAPI.csproj", "{26800D15-A0B8-EFEB-9AF9-AFAD956FF495}"
EndProject
Global
	GlobalSection(SolutionConfigurationPlatforms) = preSolution
		Debug|Any CPU = Debug|Any CPU
		Release|Any CPU = Release|Any CPU
	EndGlobalSection
	GlobalSection(ProjectConfigurationPlatforms) = postSolution
		{26800D15-A0B8-EFEB-9AF9-AFAD956FF495}.Debug|Any CPU.ActiveCfg = Debug|Any CPU
		{26800D15-A0B8-EFEB-9AF9-AFAD956FF495}.Debug|Any CPU.Build.0 = Debug|Any CPU
		{26800D15-A0B8-EFEB-9AF9-AFAD956FF495}.Release|Any CPU.ActiveCfg = Release|Any CPU
		{26800D15-A0B8-EFEB-9AF9-AFAD956FF495}.Release|Any CPU.Build.0 = Release|Any CPU
	EndGlobalSection
	GlobalSection(SolutionProperties) = preSolution
		HideSolutionNode = FALSE
	EndGlobalSection
	GlobalSection(ExtensibilityGlobals) = postSolution
		SolutionGuid = {D915F6D6-BB48-4E28-B3C0-C369CB2E9BCB}
	EndGlobalSection
EndGlobal
